
Microsoft Visual Studio Solution File, Format Version 12.00
# Visual Studio Version 16
VisualStudioVersion = 25.0.1706.11
MinimumVisualStudioVersion = 10.0.40219.1
Project("{FAE04EC0-301F-11D3-BF4B-00C04F79EFBC}") = "FileSystemManager", "FileSystemManager\FileSystemManager.csproj", "{AB3C6DB2-9879-421C-AF7E-F7BA5268EDC0}"
EndProject
Global
	GlobalSection(SolutionConfigurationPlatforms) = preSolution
		Debug|Any CPU = Debug|Any CPU
		Release|Any CPU = Release|Any CPU
	EndGlobalSection
	GlobalSection(ProjectConfigurationPlatforms) = postSolution
		{AB3C6DB2-9879-421C-AF7E-F7BA5268EDC0}.Debug|Any CPU.ActiveCfg = Debug|Any CPU
		{AB3C6DB2-9879-421C-AF7E-F7BA5268EDC0}.Debug|Any CPU.Build.0 = Debug|Any CPU
		{AB3C6DB2-9879-421C-AF7E-F7BA5268EDC0}.Release|Any CPU.ActiveCfg = Release|Any CPU
		{AB3C6DB2-9879-421C-AF7E-F7BA5268EDC0}.Release|Any CPU.Build.0 = Release|Any CPU
	EndGlobalSection
	GlobalSection(SolutionProperties) = preSolution
		HideSolutionNode = FALSE
	EndGlobalSection
	GlobalSection(ExtensibilityGlobals) = postSolution
		SolutionGuid = {00BE4ED6-0D9F-48F6-AC53-31760A75450F}
	EndGlobalSection
EndGlobal
